
Microsoft Visual Studio Solution File, Format Version 12.00
# Visual Studio 15
VisualStudioVersion = 15.0.27703.2047
MinimumVisualStudioVersion = 10.0.40219.1
Project("{FAE04EC0-301F-11D3-BF4B-00C04F79EFBC}") = "AGS_Tim", "AGS_Tim\AGS_Tim.csproj", "{70AE956D-23BB-4849-A745-4911EB8E0E76}"
EndProject
Global
	GlobalSection(SolutionConfigurationPlatforms) = preSolution
		Debug|Any CPU = Debug|Any CPU
		Release|Any CPU = Release|Any CPU
	EndGlobalSection
	GlobalSection(ProjectConfigurationPlatforms) = postSolution
		{70AE956D-23BB-4849-A745-4911EB8E0E76}.Debug|Any CPU.ActiveCfg = Debug|Any CPU
		{70AE956D-23BB-4849-A745-4911EB8E0E76}.Debug|Any CPU.Build.0 = Debug|Any CPU
		{70AE956D-23BB-4849-A745-4911EB8E0E76}.Release|Any CPU.ActiveCfg = Release|Any CPU
		{70AE956D-23BB-4849-A745-4911EB8E0E76}.Release|Any CPU.Build.0 = Release|Any CPU
	EndGlobalSection
	GlobalSection(SolutionProperties) = preSolution
		HideSolutionNode = FALSE
	EndGlobalSection
	GlobalSection(ExtensibilityGlobals) = postSolution
		SolutionGuid = {820C181B-BB55-470C-A127-39BD7D9AD75A}
	EndGlobalSection
EndGlobal
